
Microsoft Visual Studio Solution File, Format Version 12.00
# Visual Studio 15
VisualStudioVersion = 15.0.27130.2024
MinimumVisualStudioVersion = 10.0.40219.1
Project("{8BC9CEB8-8B4A-11D0-8D11-00A0C91BC942}") = "Chapter 10.1", "Chapter 10.1\Chapter 10.1.vcxproj", "{2FE61CFD-034B-4FCE-B75F-4D2A31365E63}"
EndProject
Project("{8BC9CEB8-8B4A-11D0-8D11-00A0C91BC942}") = "Chapter 10.2", "Chapter 10.2\Chapter 10.2.vcxproj", "{69E0673B-32F4-4476-B900-01B069D69D66}"
EndProject
Project("{8BC9CEB8-8B4A-11D0-8D11-00A0C91BC942}") = "Chapter 10.6", "Chapter 10.6\Chapter 10.6.vcxproj", "{FF49C41A-69E6-4158-B96D-2C5049A160E1}"
EndProject
Project("{8BC9CEB8-8B4A-11D0-8D11-00A0C91BC942}") = "Chapter 10.11", "Chapter 10.11\Chapter 10.11.vcxproj", "{B4CF3819-6074-4B50-99ED-990964C5ACB8}"
EndProject
Project("{8BC9CEB8-8B4A-11D0-8D11-00A0C91BC942}") = "Chapter 10.13", "Chapter 10.13\Chapter 10.13.vcxproj", "{02BD31BD-38DC-47E4-8FC0-A49BDD0D0FA2}"
EndProject
Project("{8BC9CEB8-8B4A-11D0-8D11-00A0C91BC942}") = "Chapter 10.18", "Chapter 10.18\Chapter 10.18.vcxproj", "{D429DAA1-BFA6-426B-A126-1A0E85A4CD87}"
EndProject
Project("{8BC9CEB8-8B4A-11D0-8D11-00A0C91BC942}") = "Chapter 10.24", "Chapter 10.24\Chapter 10.24.vcxproj", "{088D30BD-4356-45AA-8E38-641058C205AE}"
EndProject
Project("{8BC9CEB8-8B4A-11D0-8D11-00A0C91BC942}") = "Chapter 10.25", "Chapter 10.25\Chapter 10.25.vcxproj", "{2946880A-2182-496D-A0B0-2E971A5EC427}"
EndProject
Project("{8BC9CEB8-8B4A-11D0-8D11-00A0C91BC942}") = "Chapter 10.28", "Chapter 10.28\Chapter 10.28.vcxproj", "{060AD8D4-532A-4822-A65C-9B8633E82CCB}"
EndProject
Project("{8BC9CEB8-8B4A-11D0-8D11-00A0C91BC942}") = "Chapter 10.29", "Chapter 10.29\Chapter 10.29.vcxproj", "{7D4CF00F-4280-48A3-B697-0D19B0367472}"
EndProject
Project("{8BC9CEB8-8B4A-11D0-8D11-00A0C91BC942}") = "Chapter 10.30", "Chapter 10.30\Chapter 10.30.vcxproj", "{BC39B452-DAAA-4B43-A93C-B4D25E539047}"
EndProject
Project("{8BC9CEB8-8B4A-11D0-8D11-00A0C91BC942}") = "Chapter 10.33", "Chapter 10.33\Chapter 10.33.vcxproj", "{FC560EAB-8950-4E29-B9B0-AA40C6637E77}"
EndProject
Project("{8BC9CEB8-8B4A-11D0-8D11-00A0C91BC942}") = "Chapter 10.37", "Chapter 10.37\Chapter 10.37.vcxproj", "{FB3483FD-A288-4CC3-BA7D-856867043C67}"
EndProject
Global
	GlobalSection(SolutionConfigurationPlatforms) = preSolution
		Debug|x64 = Debug|x64
		Debug|x86 = Debug|x86
		Release|x64 = Release|x64
		Release|x86 = Release|x86
	EndGlobalSection
	GlobalSection(ProjectConfigurationPlatforms) = postSolution
		{2FE61CFD-034B-4FCE-B75F-4D2A31365E63}.Debug|x64.ActiveCfg = Debug|x64
		{2FE61CFD-034B-4FCE-B75F-4D2A31365E63}.Debug|x64.Build.0 = Debug|x64
		{2FE61CFD-034B-4FCE-B75F-4D2A31365E63}.Debug|x86.ActiveCfg = Debug|Win32
		{2FE61CFD-034B-4FCE-B75F-4D2A31365E63}.Debug|x86.Build.0 = Debug|Win32
		{2FE61CFD-034B-4FCE-B75F-4D2A31365E63}.Release|x64.ActiveCfg = Release|x64
		{2FE61CFD-034B-4FCE-B75F-4D2A31365E63}.Release|x64.Build.0 = Release|x64
		{2FE61CFD-034B-4FCE-B75F-4D2A31365E63}.Release|x86.ActiveCfg = Release|Win32
		{2FE61CFD-034B-4FCE-B75F-4D2A31365E63}.Release|x86.Build.0 = Release|Win32
		{69E0673B-32F4-4476-B900-01B069D69D66}.Debug|x64.ActiveCfg = Debug|x64
		{69E0673B-32F4-4476-B900-01B069D69D66}.Debug|x64.Build.0 = Debug|x64
		{69E0673B-32F4-4476-B900-01B069D69D66}.Debug|x86.ActiveCfg = Debug|Win32
		{69E0673B-32F4-4476-B900-01B069D69D66}.Debug|x86.Build.0 = Debug|Win32
		{69E0673B-32F4-4476-B900-01B069D69D66}.Release|x64.ActiveCfg = Release|x64
		{69E0673B-32F4-4476-B900-01B069D69D66}.Release|x64.Build.0 = Release|x64
		{69E0673B-32F4-4476-B900-01B069D69D66}.Release|x86.ActiveCfg = Release|Win32
		{69E0673B-32F4-4476-B900-01B069D69D66}.Release|x86.Build.0 = Release|Win32
		{FF49C41A-69E6-4158-B96D-2C5049A160E1}.Debug|x64.ActiveCfg = Debug|x64
		{FF49C41A-69E6-4158-B96D-2C5049A160E1}.Debug|x64.Build.0 = Debug|x64
		{FF49C41A-69E6-4158-B96D-2C5049A160E1}.Debug|x86.ActiveCfg = Debug|Win32
		{FF49C41A-69E6-4158-B96D-2C5049A160E1}.Debug|x86.Build.0 = Debug|Win32
		{FF49C41A-69E6-4158-B96D-2C5049A160E1}.Release|x64.ActiveCfg = Release|x64
		{FF49C41A-69E6-4158-B96D-2C5049A160E1}.Release|x64.Build.0 = Release|x64
		{FF49C41A-69E6-4158-B96D-2C5049A160E1}.Release|x86.ActiveCfg = Release|Win32
		{FF49C41A-69E6-4158-B96D-2C5049A160E1}.Release|x86.Build.0 = Release|Win32
		{B4CF3819-6074-4B50-99ED-990964C5ACB8}.Debug|x64.ActiveCfg = Debug|x64
		{B4CF3819-6074-4B50-99ED-990964C5ACB8}.Debug|x64.Build.0 = Debug|x64
		{B4CF3819-6074-4B50-99ED-990964C5ACB8}.Debug|x86.ActiveCfg = Debug|Win32
		{B4CF3819-6074-4B50-99ED-990964C5ACB8}.Debug|x86.Build.0 = Debug|Win32
		{B4CF3819-6074-4B50-99ED-990964C5ACB8}.Release|x64.ActiveCfg = Release|x64
		{B4CF3819-6074-4B50-99ED-990964C5ACB8}.Release|x64.Build.0 = Release|x64
		{B4CF3819-6074-4B50-99ED-990964C5ACB8}.Release|x86.ActiveCfg = Release|Win32
		{B4CF3819-6074-4B50-99ED-990964C5ACB8}.Release|x86.Build.0 = Release|Win32
		{02BD31BD-38DC-47E4-8FC0-A49BDD0D0FA2}.Debug|x64.ActiveCfg = Debug|x64
		{02BD31BD-38DC-47E4-8FC0-A49BDD0D0FA2}.Debug|x64.Build.0 = Debug|x64
		{02BD31BD-38DC-47E4-8FC0-A49BDD0D0FA2}.Debug|x86.ActiveCfg = Debug|Win32
		{02BD31BD-38DC-47E4-8FC0-A49BDD0D0FA2}.Debug|x86.Build.0 = Debug|Win32
		{02BD31BD-38DC-47E4-8FC0-A49BDD0D0FA2}.Release|x64.ActiveCfg = Release|x64
		{02BD31BD-38DC-47E4-8FC0-A49BDD0D0FA2}.Release|x64.Build.0 = Release|x64
		{02BD31BD-38DC-47E4-8FC0-A49BDD0D0FA2}.Release|x86.ActiveCfg = Release|Win32
		{02BD31BD-38DC-47E4-8FC0-A49BDD0D0FA2}.Release|x86.Build.0 = Release|Win32
		{D429DAA1-BFA6-426B-A126-1A0E85A4CD87}.Debug|x64.ActiveCfg = Debug|x64
		{D429DAA1-BFA6-426B-A126-1A0E85A4CD87}.Debug|x64.Build.0 = Debug|x64
		{D429DAA1-BFA6-426B-A126-1A0E85A4CD87}.Debug|x86.ActiveCfg = Debug|Win32
		{D429DAA1-BFA6-426B-A126-1A0E85A4CD87}.Debug|x86.Build.0 = Debug|Win32
		{D429DAA1-BFA6-426B-A126-1A0E85A4CD87}.Release|x64.ActiveCfg = Release|x64
		{D429DAA1-BFA6-426B-A126-1A0E85A4CD87}.Release|x64.Build.0 = Release|x64
		{D429DAA1-BFA6-426B-A126-1A0E85A4CD87}.Release|x86.ActiveCfg = Release|Win32
		{D429DAA1-BFA6-426B-A126-1A0E85A4CD87}.Release|x86.Build.0 = Release|Win32
		{088D30BD-4356-45AA-8E38-641058C205AE}.Debug|x64.ActiveCfg = Debug|x64
		{088D30BD-4356-45AA-8E38-641058C205AE}.Debug|x64.Build.0 = Debug|x64
		{088D30BD-4356-45AA-8E38-641058C205AE}.Debug|x86.ActiveCfg = Debug|Win32
		{088D30BD-4356-45AA-8E38-641058C205AE}.Debug|x86.Build.0 = Debug|Win32
		{088D30BD-4356-45AA-8E38-641058C205AE}.Release|x64.ActiveCfg = Release|x64
		{088D30BD-4356-45AA-8E38-641058C205AE}.Release|x64.Build.0 = Release|x64
		{088D30BD-4356-45AA-8E38-641058C205AE}.Release|x86.ActiveCfg = Release|Win32
		{088D30BD-4356-45AA-8E38-641058C205AE}.Release|x86.Build.0 = Release|Win32
		{2946880A-2182-496D-A0B0-2E971A5EC427}.Debug|x64.ActiveCfg = Debug|x64
		{2946880A-2182-496D-A0B0-2E971A5EC427}.Debug|x64.Build.0 = Debug|x64
		{2946880A-2182-496D-A0B0-2E971A5EC427}.Debug|x86.ActiveCfg = Debug|Win32
		{2946880A-2182-496D-A0B0-2E971A5EC427}.Debug|x86.Build.0 = Debug|Win32
		{2946880A-2182-496D-A0B0-2E971A5EC427}.Release|x64.ActiveCfg = Release|x64
		{2946880A-2182-496D-A0B0-2E971A5EC427}.Release|x64.Build.0 = Release|x64
		{2946880A-2182-496D-A0B0-2E971A5EC427}.Release|x86.ActiveCfg = Release|Win32
		{2946880A-2182-496D-A0B0-2E971A5EC427}.Release|x86.Build.0 = Release|Win32
		{060AD8D4-532A-4822-A65C-9B8633E82CCB}.Debug|x64.ActiveCfg = Debug|x64
		{060AD8D4-532A-4822-A65C-9B8633E82CCB}.Debug|x64.Build.0 = Debug|x64
		{060AD8D4-532A-4822-A65C-9B8633E82CCB}.Debug|x86.ActiveCfg = Debug|Win32
		{060AD8D4-532A-4822-A65C-9B8633E82CCB}.Debug|x86.Build.0 = Debug|Win32
		{060AD8D4-532A-4822-A65C-9B8633E82CCB}.Release|x64.ActiveCfg = Release|x64
		{060AD8D4-532A-4822-A65C-9B8633E82CCB}.Release|x64.Build.0 = Release|x64
		{060AD8D4-532A-4822-A65C-9B8633E82CCB}.Release|x86.ActiveCfg = Release|Win32
		{060AD8D4-532A-4822-A65C-9B8633E82CCB}.Release|x86.Build.0 = Release|Win32
		{7D4CF00F-4280-48A3-B697-0D19B0367472}.Debug|x64.ActiveCfg = Debug|x64
		{7D4CF00F-4280-48A3-B697-0D19B0367472}.Debug|x64.Build.0 = Debug|x64
		{7D4CF00F-4280-48A3-B697-0D19B0367472}.Debug|x86.ActiveCfg = Debug|Win32
		{7D4CF00F-4280-48A3-B697-0D19B0367472}.Debug|x86.Build.0 = Debug|Win32
		{7D4CF00F-4280-48A3-B697-0D19B0367472}.Release|x64.ActiveCfg = Release|x64
		{7D4CF00F-4280-48A3-B697-0D19B0367472}.Release|x64.Build.0 = Release|x64
		{7D4CF00F-4280-48A3-B697-0D19B0367472}.Release|x86.ActiveCfg = Release|Win32
		{7D4CF00F-4280-48A3-B697-0D19B0367472}.Release|x86.Build.0 = Release|Win32
		{BC39B452-DAAA-4B43-A93C-B4D25E539047}.Debug|x64.ActiveCfg = Debug|x64
		{BC39B452-DAAA-4B43-A93C-B4D25E539047}.Debug|x64.Build.0 = Debug|x64
		{BC39B452-DAAA-4B43-A93C-B4D25E539047}.Debug|x86.ActiveCfg = Debug|Win32
		{BC39B452-DAAA-4B43-A93C-B4D25E539047}.Debug|x86.Build.0 = Debug|Win32
		{BC39B452-DAAA-4B43-A93C-B4D25E539047}.Release|x64.ActiveCfg = Release|x64
		{BC39B452-DAAA-4B43-A93C-B4D25E539047}.Release|x64.Build.0 = Release|x64
		{BC39B452-DAAA-4B43-A93C-B4D25E539047}.Release|x86.ActiveCfg = Release|Win32
		{BC39B452-DAAA-4B43-A93C-B4D25E539047}.Release|x86.Build.0 = Release|Win32
		{FC560EAB-8950-4E29-B9B0-AA40C6637E77}.Debug|x64.ActiveCfg = Debug|x64
		{FC560EAB-8950-4E29-B9B0-AA40C6637E77}.Debug|x64.Build.0 = Debug|x64
		{FC560EAB-8950-4E29-B9B0-AA40C6637E77}.Debug|x86.ActiveCfg = Debug|Win32
		{FC560EAB-8950-4E29-B9B0-AA40C6637E77}.Debug|x86.Build.0 = Debug|Win32
		{FC560EAB-8950-4E29-B9B0-AA40C6637E77}.Release|x64.ActiveCfg = Release|x64
		{FC560EAB-8950-4E29-B9B0-AA40C6637E77}.Release|x64.Build.0 = Release|x64
		{FC560EAB-8950-4E29-B9B0-AA40C6637E77}.Release|x86.ActiveCfg = Release|Win32
		{FC560EAB-8950-4E29-B9B0-AA40C6637E77}.Release|x86.Build.0 = Release|Win32
		{FB3483FD-A288-4CC3-BA7D-856867043C67}.Debug|x64.ActiveCfg = Debug|x64
		{FB3483FD-A288-4CC3-BA7D-856867043C67}.Debug|x64.Build.0 = Debug|x64
		{FB3483FD-A288-4CC3-BA7D-856867043C67}.Debug|x86.ActiveCfg = Debug|Win32
		{FB3483FD-A288-4CC3-BA7D-856867043C67}.Debug|x86.Build.0 = Debug|Win32
		{FB3483FD-A288-4CC3-BA7D-856867043C67}.Release|x64.ActiveCfg = Release|x64
		{FB3483FD-A288-4CC3-BA7D-856867043C67}.Release|x64.Build.0 = Release|x64
		{FB3483FD-A288-4CC3-BA7D-856867043C67}.Release|x86.ActiveCfg = Release|Win32
		{FB3483FD-A288-4CC3-BA7D-856867043C67}.Release|x86.Build.0 = Release|Win32
	EndGlobalSection
	GlobalSection(SolutionProperties) = preSolution
		HideSolutionNode = FALSE
	EndGlobalSection
	GlobalSection(ExtensibilityGlobals) = postSolution
		SolutionGuid = {434BFBD3-24EA-489A-8E71-9B03DB138F55}
	EndGlobalSection
EndGlobal
